# This file is automatically @generated by Poetry 1.8.2 and should not be changed by hand.

[[package]]
name = "aiomqtt"
version = "2.0.1"
description = "The idiomatic asyncio MQTT client, wrapped around paho-mqtt"
optional = false
python-versions = ">=3.8,<4.0"
files = [
    {file = "aiomqtt-2.0.1-py3-none-any.whl", hash = "sha256:7c26a867212366ae0841571e6c2d06cebc00c2de029475b920c2cd7396aeacea"},
    {file = "aiomqtt-2.0.1.tar.gz", hash = "sha256:60f6451c8ab7235cfb392b1b0cab398e9bc6040f4b140628c0615371abcde15f"},
]

[package.dependencies]
paho-mqtt = ">=1.6.0,<2.0.0"

[[package]]
name = "colorama"
version = "0.4.6"
description = "Cross-platform colored terminal text."
optional = false
python-versions = "!=3.0.*,!=3.1.*,!=3.2.*,!=3.3.*,!=3.4.*,!=3.5.*,!=3.6.*,>=2.7"
files = [
    {file = "colorama-0.4.6-py2.py3-none-any.whl", hash = "sha256:4f1d9991f5acc0ca119f9d443620b77f9d6b33703e51011c16baf57afb285fc6"},
    {file = "colorama-0.4.6.tar.gz", hash = "sha256:08695f5cb7ed6e0531a20572697297273c47b8cae5a63ffc6d6ed5c201be6e44"},
]

[[package]]
name = "construct"
version = "2.10.70"
description = "A powerful declarative symmetric parser/builder for binary data"
optional = false
python-versions = ">=3.6"
files = [
    {file = "construct-2.10.70-py3-none-any.whl", hash = "sha256:c80be81ef595a1a821ec69dc16099550ed22197615f4320b57cc9ce2a672cb30"},
    {file = "construct-2.10.70.tar.gz", hash = "sha256:4d2472f9684731e58cc9c56c463be63baa1447d674e0d66aeb5627b22f512c29"},
]

[package.extras]
extras = ["arrow", "cloudpickle", "cryptography", "lz4", "numpy", "ruamel.yaml"]

[[package]]
name = "iniconfig"
version = "2.0.0"
description = "brain-dead simple config-ini parsing"
optional = false
python-versions = ">=3.7"
files = [
    {file = "iniconfig-2.0.0-py3-none-any.whl", hash = "sha256:b6a85871a79d2e3b22d2d1b94ac2824226a63c6b741c88f7ae975f18b6778374"},
    {file = "iniconfig-2.0.0.tar.gz", hash = "sha256:2d91e135bf72d31a410b17c16da610a82cb55f6b0477d1a902134b24a455b8b3"},
]

[[package]]
name = "packaging"
version = "24.0"
description = "Core utilities for Python packages"
optional = false
python-versions = ">=3.7"
files = [
    {file = "packaging-24.0-py3-none-any.whl", hash = "sha256:2ddfb553fdf02fb784c234c7ba6ccc288296ceabec964ad2eae3777778130bc5"},
    {file = "packaging-24.0.tar.gz", hash = "sha256:eb82c5e3e56209074766e6885bb04b8c38a0c015d0a30036ebe7ece34c9989e9"},
]

[[package]]
name = "paho-mqtt"
version = "1.6.1"
description = "MQTT version 5.0/3.1.1 client class"
optional = false
python-versions = "*"
files = [
    {file = "paho-mqtt-1.6.1.tar.gz", hash = "sha256:2a8291c81623aec00372b5a85558a372c747cbca8e9934dfe218638b8eefc26f"},
]

[package.extras]
proxy = ["PySocks"]

[[package]]
name = "pluggy"
version = "1.5.0"
description = "plugin and hook calling mechanisms for python"
optional = false
python-versions = ">=3.8"
files = [
    {file = "pluggy-1.5.0-py3-none-any.whl", hash = "sha256:44e1ad92c8ca002de6377e165f3e0f1be63266ab4d554740532335b9d75ea669"},
    {file = "pluggy-1.5.0.tar.gz", hash = "sha256:2cffa88e94fdc978c4c574f15f9e59b7f4201d439195c3715ca9e2486f1d0cf1"},
]

[package.extras]
dev = ["pre-commit", "tox"]
testing = ["pytest", "pytest-benchmark"]

[[package]]
name = "pymodbus"
version = "3.6.8"
description = "A fully featured modbus protocol stack in python"
optional = false
python-versions = ">=3.8.0"
files = [
    {file = "pymodbus-3.6.8-py3-none-any.whl", hash = "sha256:8d55d1eaa8b7216d5da7492f5b610e8154d5d3bf6f4a5b3080319fd2c33b59b9"},
    {file = "pymodbus-3.6.8.tar.gz", hash = "sha256:abb214716b56fc62bc0d5d9d964e2249439341746287e918d175f0e3ee241407"},
]

[package.extras]
all = ["pymodbus[development,documentation,repl,serial,simulator]"]
development = ["build (>=1.1.1)", "codespell (>=2.2.6)", "coverage (>=7.4.3)", "mypy (>=1.9.0)", "pylint (>=3.1.0)", "pytest (>=8.1.0)", "pytest-asyncio (>=0.23.5.post1)", "pytest-cov (>=4.1.0)", "pytest-profiling (>=1.7.0)", "pytest-timeout (>=2.3.1)", "pytest-xdist (>=3.5.0)", "ruff (>=0.3.3)", "twine (>=5.0.0)", "types-Pygments", "types-pyserial"]
documentation = ["Sphinx (>=5.3.0)", "recommonmark (>=0.7.1)", "sphinx-rtd-theme (>=1.1.1)"]
repl = ["pymodbus-repl (>=2.0.3)"]
serial = ["pyserial (>=3.5)"]
simulator = ["aiohttp (>=3.8.6)", "aiohttp (>=3.9.0b0)"]

[[package]]
name = "pytest"
version = "8.2.0"
description = "pytest: simple powerful testing with Python"
optional = false
python-versions = ">=3.8"
files = [
    {file = "pytest-8.2.0-py3-none-any.whl", hash = "sha256:1733f0620f6cda4095bbf0d9ff8022486e91892245bb9e7d5542c018f612f233"},
    {file = "pytest-8.2.0.tar.gz", hash = "sha256:d507d4482197eac0ba2bae2e9babf0672eb333017bcedaa5fb1a3d42c1174b3f"},
]

[package.dependencies]
colorama = {version = "*", markers = "sys_platform == \"win32\""}
iniconfig = "*"
packaging = "*"
pluggy = ">=1.5,<2.0"

[package.extras]
dev = ["argcomplete", "attrs (>=19.2)", "hypothesis (>=3.56)", "mock", "pygments (>=2.7.2)", "requests", "setuptools", "xmlschema"]

[[package]]
name = "pytest-asyncio"
version = "0.23.6"
description = "Pytest support for asyncio"
optional = false
python-versions = ">=3.8"
files = [
    {file = "pytest-asyncio-0.23.6.tar.gz", hash = "sha256:ffe523a89c1c222598c76856e76852b787504ddb72dd5d9b6617ffa8aa2cde5f"},
    {file = "pytest_asyncio-0.23.6-py3-none-any.whl", hash = "sha256:68516fdd1018ac57b846c9846b954f0393b26f094764a28c955eabb0536a4e8a"},
]

[package.dependencies]
pytest = ">=7.0.0,<9"

[package.extras]
docs = ["sphinx (>=5.3)", "sphinx-rtd-theme (>=1.0)"]
testing = ["coverage (>=6.2)", "hypothesis (>=5.7.1)"]

[[package]]
name = "pytest-mock"
version = "3.14.0"
description = "Thin-wrapper around the mock package for easier use with pytest"
optional = false
python-versions = ">=3.8"
files = [
    {file = "pytest-mock-3.14.0.tar.gz", hash = "sha256:2719255a1efeceadbc056d6bf3df3d1c5015530fb40cf347c0f9afac88410bd0"},
    {file = "pytest_mock-3.14.0-py3-none-any.whl", hash = "sha256:0b72c38033392a5f4621342fe11e9219ac11ec9d375f8e2a0c164539e0d70f6f"},
]

[package.dependencies]
pytest = ">=6.2.5"

[package.extras]
dev = ["pre-commit", "pytest-asyncio", "tox"]

[[package]]
name = "pyyaml"
version = "6.0.1"
description = "YAML parser and emitter for Python"
optional = false
python-versions = ">=3.6"
files = [
    {file = "PyYAML-6.0.1-cp310-cp310-macosx_10_9_x86_64.whl", hash = "sha256:d858aa552c999bc8a8d57426ed01e40bef403cd8ccdd0fc5f6f04a00414cac2a"},
    {file = "PyYAML-6.0.1-cp310-cp310-macosx_11_0_arm64.whl", hash = "sha256:fd66fc5d0da6d9815ba2cebeb4205f95818ff4b79c3ebe268e75d961704af52f"},
    {file = "PyYAML-6.0.1-cp310-cp310-manylinux_2_17_aarch64.manylinux2014_aarch64.whl", hash = "sha256:69b023b2b4daa7548bcfbd4aa3da05b3a74b772db9e23b982788168117739938"},
    {file = "PyYAML-6.0.1-cp310-cp310-manylinux_2_17_s390x.manylinux2014_s390x.whl", hash = "sha256:81e0b275a9ecc9c0c0c07b4b90ba548307583c125f54d5b6946cfee6360c733d"},
    {file = "PyYAML-6.0.1-cp310-cp310-manylinux_2_17_x86_64.manylinux2014_x86_64.whl", hash = "sha256:ba336e390cd8e4d1739f42dfe9bb83a3cc2e80f567d8805e11b46f4a943f5515"},
    {file = "PyYAML-6.0.1-cp310-cp310-musllinux_1_1_x86_64.whl", hash = "sha256:326c013efe8048858a6d312ddd31d56e468118ad4cdeda36c719bf5bb6192290"},
    {file = "PyYAML-6.0.1-cp310-cp310-win32.whl", hash = "sha256:bd4af7373a854424dabd882decdc5579653d7868b8fb26dc7d0e99f823aa5924"},
    {file = "PyYAML-6.0.1-cp310-cp310-win_amd64.whl", hash = "sha256:fd1592b3fdf65fff2ad0004b5e363300ef59ced41c2e6b3a99d4089fa8c5435d"},
    {file = "PyYAML-6.0.1-cp311-cp311-macosx_10_9_x86_64.whl", hash = "sha256:6965a7bc3cf88e5a1c3bd2e0b5c22f8d677dc88a455344035f03399034eb3007"},
    {file = "PyYAML-6.0.1-cp311-cp311-macosx_11_0_arm64.whl", hash = "sha256:f003ed9ad21d6a4713f0a9b5a7a0a79e08dd0f221aff4525a2be4c346ee60aab"},
    {file = "PyYAML-6.0.1-cp311-cp311-manylinux_2_17_aarch64.manylinux2014_aarch64.whl", hash = "sha256:42f8152b8dbc4fe7d96729ec2b99c7097d656dc1213a3229ca5383f973a5ed6d"},
    {file = "PyYAML-6.0.1-cp311-cp311-manylinux_2_17_s390x.manylinux2014_s390x.whl", hash = "sha256:062582fca9fabdd2c8b54a3ef1c978d786e0f6b3a1510e0ac93ef59e0ddae2bc"},
    {file = "PyYAML-6.0.1-cp311-cp311-manylinux_2_17_x86_64.manylinux2014_x86_64.whl", hash = "sha256:d2b04aac4d386b172d5b9692e2d2da8de7bfb6c387fa4f801fbf6fb2e6ba4673"},
    {file = "PyYAML-6.0.1-cp311-cp311-musllinux_1_1_x86_64.whl", hash = "sha256:e7d73685e87afe9f3b36c799222440d6cf362062f78be1013661b00c5c6f678b"},
    {file = "PyYAML-6.0.1-cp311-cp311-win32.whl", hash = "sha256:1635fd110e8d85d55237ab316b5b011de701ea0f29d07611174a1b42f1444741"},
    {file = "PyYAML-6.0.1-cp311-cp311-win_amd64.whl", hash = "sha256:bf07ee2fef7014951eeb99f56f39c9bb4af143d8aa3c21b1677805985307da34"},
    {file = "PyYAML-6.0.1-cp312-cp312-macosx_10_9_x86_64.whl", hash = "sha256:855fb52b0dc35af121542a76b9a84f8d1cd886ea97c84703eaa6d88e37a2ad28"},
    {file = "PyYAML-6.0.1-cp312-cp312-macosx_11_0_arm64.whl", hash = "sha256:40df9b996c2b73138957fe23a16a4f0ba614f4c0efce1e9406a184b6d07fa3a9"},
    {file = "PyYAML-6.0.1-cp312-cp312-manylinux_2_17_aarch64.manylinux2014_aarch64.whl", hash = "sha256:a08c6f0fe150303c1c6b71ebcd7213c2858041a7e01975da3a99aed1e7a378ef"},
    {file = "PyYAML-6.0.1-cp312-cp312-manylinux_2_17_x86_64.manylinux2014_x86_64.whl", hash = "sha256:6c22bec3fbe2524cde73d7ada88f6566758a8f7227bfbf93a408a9d86bcc12a0"},
    {file = "PyYAML-6.0.1-cp312-cp312-musllinux_1_1_x86_64.whl", hash = "sha256:8d4e9c88387b0f5c7d5f281e55304de64cf7f9c0021a3525bd3b1c542da3b0e4"},
    {file = "PyYAML-6.0.1-cp312-cp312-win32.whl", hash = "sha256:d483d2cdf104e7c9fa60c544d92981f12ad66a457afae824d146093b8c294c54"},
    {file = "PyYAML-6.0.1-cp312-cp312-win_amd64.whl", hash = "sha256:0d3304d8c0adc42be59c5f8a4d9e3d7379e6955ad754aa9d6ab7a398b59dd1df"},
    {file = "PyYAML-6.0.1-cp36-cp36m-macosx_10_9_x86_64.whl", hash = "sha256:50550eb667afee136e9a77d6dc71ae76a44df8b3e51e41b77f6de2932bfe0f47"},
    {file = "PyYAML-6.0.1-cp36-cp36m-manylinux_2_17_aarch64.manylinux2014_aarch64.whl", hash = "sha256:1fe35611261b29bd1de0070f0b2f47cb6ff71fa6595c077e42bd0c419fa27b98"},
    {file = "PyYAML-6.0.1-cp36-cp36m-manylinux_2_17_s390x.manylinux2014_s390x.whl", hash = "sha256:704219a11b772aea0d8ecd7058d0082713c3562b4e271b849ad7dc4a5c90c13c"},
    {file = "PyYAML-6.0.1-cp36-cp36m-manylinux_2_17_x86_64.manylinux2014_x86_64.whl", hash = "sha256:afd7e57eddb1a54f0f1a974bc4391af8bcce0b444685d936840f125cf046d5bd"},
    {file = "PyYAML-6.0.1-cp36-cp36m-win32.whl", hash = "sha256:fca0e3a251908a499833aa292323f32437106001d436eca0e6e7833256674585"},
    {file = "PyYAML-6.0.1-cp36-cp36m-win_amd64.whl", hash = "sha256:f22ac1c3cac4dbc50079e965eba2c1058622631e526bd9afd45fedd49ba781fa"},
    {file = "PyYAML-6.0.1-cp37-cp37m-macosx_10_9_x86_64.whl", hash = "sha256:b1275ad35a5d18c62a7220633c913e1b42d44b46ee12554e5fd39c70a243d6a3"},
    {file = "PyYAML-6.0.1-cp37-cp37m-manylinux_2_17_aarch64.manylinux2014_aarch64.whl", hash = "sha256:18aeb1bf9a78867dc38b259769503436b7c72f7a1f1f4c93ff9a17de54319b27"},
    {file = "PyYAML-6.0.1-cp37-cp37m-manylinux_2_17_s390x.manylinux2014_s390x.whl", hash = "sha256:596106435fa6ad000c2991a98fa58eeb8656ef2325d7e158344fb33864ed87e3"},
    {file = "PyYAML-6.0.1-cp37-cp37m-manylinux_2_17_x86_64.manylinux2014_x86_64.whl", hash = "sha256:baa90d3f661d43131ca170712d903e6295d1f7a0f595074f151c0aed377c9b9c"},
    {file = "PyYAML-6.0.1-cp37-cp37m-win32.whl", hash = "sha256:9046c58c4395dff28dd494285c82ba00b546adfc7ef001486fbf0324bc174fba"},
    {file = "PyYAML-6.0.1-cp37-cp37m-win_amd64.whl", hash = "sha256:4fb147e7a67ef577a588a0e2c17b6db51dda102c71de36f8549b6816a96e1867"},
    {file = "PyYAML-6.0.1-cp38-cp38-macosx_10_9_x86_64.whl", hash = "sha256:1d4c7e777c441b20e32f52bd377e0c409713e8bb1386e1099c2415f26e479595"},
    {file = "PyYAML-6.0.1-cp38-cp38-manylinux_2_17_aarch64.manylinux2014_aarch64.whl", hash = "sha256:a0cd17c15d3bb3fa06978b4e8958dcdc6e0174ccea823003a106c7d4d7899ac5"},
    {file = "PyYAML-6.0.1-cp38-cp38-manylinux_2_17_s390x.manylinux2014_s390x.whl", hash = "sha256:28c119d996beec18c05208a8bd78cbe4007878c6dd15091efb73a30e90539696"},
    {file = "PyYAML-6.0.1-cp38-cp38-manylinux_2_17_x86_64.manylinux2014_x86_64.whl", hash = "sha256:7e07cbde391ba96ab58e532ff4803f79c4129397514e1413a7dc761ccd755735"},
    {file = "PyYAML-6.0.1-cp38-cp38-musllinux_1_1_x86_64.whl", hash = "sha256:49a183be227561de579b4a36efbb21b3eab9651dd81b1858589f796549873dd6"},
    {file = "PyYAML-6.0.1-cp38-cp38-win32.whl", hash = "sha256:184c5108a2aca3c5b3d3bf9395d50893a7ab82a38004c8f61c258d4428e80206"},
    {file = "PyYAML-6.0.1-cp38-cp38-win_amd64.whl", hash = "sha256:1e2722cc9fbb45d9b87631ac70924c11d3a401b2d7f410cc0e3bbf249f2dca62"},
    {file = "PyYAML-6.0.1-cp39-cp39-macosx_10_9_x86_64.whl", hash = "sha256:9eb6caa9a297fc2c2fb8862bc5370d0303ddba53ba97e71f08023b6cd73d16a8"},
    {file = "PyYAML-6.0.1-cp39-cp39-macosx_11_0_arm64.whl", hash = "sha256:c8098ddcc2a85b61647b2590f825f3db38891662cfc2fc776415143f599bb859"},
    {file = "PyYAML-6.0.1-cp39-cp39-manylinux_2_17_aarch64.manylinux2014_aarch64.whl", hash = "sha256:5773183b6446b2c99bb77e77595dd486303b4faab2b086e7b17bc6bef28865f6"},
    {file = "PyYAML-6.0.1-cp39-cp39-manylinux_2_17_s390x.manylinux2014_s390x.whl", hash = "sha256:b786eecbdf8499b9ca1d697215862083bd6d2a99965554781d0d8d1ad31e13a0"},
    {file = "PyYAML-6.0.1-cp39-cp39-manylinux_2_17_x86_64.manylinux2014_x86_64.whl", hash = "sha256:bc1bf2925a1ecd43da378f4db9e4f799775d6367bdb94671027b73b393a7c42c"},
    {file = "PyYAML-6.0.1-cp39-cp39-musllinux_1_1_x86_64.whl", hash = "sha256:04ac92ad1925b2cff1db0cfebffb6ffc43457495c9b3c39d3fcae417d7125dc5"},
    {file = "PyYAML-6.0.1-cp39-cp39-win32.whl", hash = "sha256:faca3bdcf85b2fc05d06ff3fbc1f83e1391b3e724afa3feba7d13eeab355484c"},
    {file = "PyYAML-6.0.1-cp39-cp39-win_amd64.whl", hash = "sha256:510c9deebc5c0225e8c96813043e62b680ba2f9c50a08d3724c7f28a747d1486"},
    {file = "PyYAML-6.0.1.tar.gz", hash = "sha256:bfdf460b1736c775f2ba9f6a92bca30bc2095067b8a9d77876d1fad6cc3b4a43"},
]

[[package]]
name = "ruff"
version = "0.4.3"
description = "An extremely fast Python linter and code formatter, written in Rust."
optional = false
python-versions = ">=3.7"
files = [
    {file = "ruff-0.4.3-py3-none-macosx_10_12_x86_64.whl", hash = "sha256:b70800c290f14ae6fcbb41bbe201cf62dfca024d124a1f373e76371a007454ce"},
    {file = "ruff-0.4.3-py3-none-macosx_11_0_arm64.whl", hash = "sha256:08a0d6a22918ab2552ace96adeaca308833873a4d7d1d587bb1d37bae8728eb3"},
    {file = "ruff-0.4.3-py3-none-manylinux_2_17_aarch64.manylinux2014_aarch64.whl", hash = "sha256:eba1f14df3c758dd7de5b55fbae7e1c8af238597961e5fb628f3de446c3c40c5"},
    {file = "ruff-0.4.3-py3-none-manylinux_2_17_armv7l.manylinux2014_armv7l.whl", hash = "sha256:819fb06d535cc76dfddbfe8d3068ff602ddeb40e3eacbc90e0d1272bb8d97113"},
    {file = "ruff-0.4.3-py3-none-manylinux_2_17_i686.manylinux2014_i686.whl", hash = "sha256:0bfc9e955e6dc6359eb6f82ea150c4f4e82b660e5b58d9a20a0e42ec3bb6342b"},
    {file = "ruff-0.4.3-py3-none-manylinux_2_17_ppc64.manylinux2014_ppc64.whl", hash = "sha256:510a67d232d2ebe983fddea324dbf9d69b71c4d2dfeb8a862f4a127536dd4cfb"},
    {file = "ruff-0.4.3-py3-none-manylinux_2_17_ppc64le.manylinux2014_ppc64le.whl", hash = "sha256:dc9ff11cd9a092ee7680a56d21f302bdda14327772cd870d806610a3503d001f"},
    {file = "ruff-0.4.3-py3-none-manylinux_2_17_s390x.manylinux2014_s390x.whl", hash = "sha256:29efff25bf9ee685c2c8390563a5b5c006a3fee5230d28ea39f4f75f9d0b6f2f"},
    {file = "ruff-0.4.3-py3-none-manylinux_2_17_x86_64.manylinux2014_x86_64.whl", hash = "sha256:18b00e0bcccf0fc8d7186ed21e311dffd19761cb632241a6e4fe4477cc80ef6e"},
    {file = "ruff-0.4.3-py3-none-musllinux_1_2_aarch64.whl", hash = "sha256:262f5635e2c74d80b7507fbc2fac28fe0d4fef26373bbc62039526f7722bca1b"},
    {file = "ruff-0.4.3-py3-none-musllinux_1_2_armv7l.whl", hash = "sha256:7363691198719c26459e08cc17c6a3dac6f592e9ea3d2fa772f4e561b5fe82a3"},
    {file = "ruff-0.4.3-py3-none-musllinux_1_2_i686.whl", hash = "sha256:eeb039f8428fcb6725bb63cbae92ad67b0559e68b5d80f840f11914afd8ddf7f"},
    {file = "ruff-0.4.3-py3-none-musllinux_1_2_x86_64.whl", hash = "sha256:927b11c1e4d0727ce1a729eace61cee88a334623ec424c0b1c8fe3e5f9d3c865"},
    {file = "ruff-0.4.3-py3-none-win32.whl", hash = "sha256:25cacda2155778beb0d064e0ec5a3944dcca9c12715f7c4634fd9d93ac33fd30"},
    {file = "ruff-0.4.3-py3-none-win_amd64.whl", hash = "sha256:7a1c3a450bc6539ef00da6c819fb1b76b6b065dec585f91456e7c0d6a0bbc725"},
    {file = "ruff-0.4.3-py3-none-win_arm64.whl", hash = "sha256:71ca5f8ccf1121b95a59649482470c5601c60a416bf189d553955b0338e34614"},
    {file = "ruff-0.4.3.tar.gz", hash = "sha256:ff0a3ef2e3c4b6d133fbedcf9586abfbe38d076041f2dc18ffb2c7e0485d5a07"},
]

[metadata]
lock-version = "2.0"
python-versions = "^3.11"
content-hash = "822f49e9a9c66175aea55cb82e6cd490bfeff71c28eaee26b0ecddc5e5ead069"
